
Microsoft Visual Studio Solution File, Format Version 12.00
# Visual Studio 15
VisualStudioVersion = 15.0.26228.9
MinimumVisualStudioVersion = 10.0.40219.1
Project("{FAE04EC0-301F-11D3-BF4B-00C04F79EFBC}") = "dip.WebAPI", "dip.WebAPI\dip.WebAPI.csproj", "{383DB460-3BA4-4111-B6C4-95E886202FF8}"
EndProject
Project("{2150E333-8FDC-42A3-9474-1A3956D46DE8}") = "Data", "Data", "{F77B3DFA-951C-4C31-A2A3-E961971E5689}"
EndProject
Project("{2150E333-8FDC-42A3-9474-1A3956D46DE8}") = "Services", "Services", "{417428EB-6D16-4762-94C9-DB0C3718E02E}"
EndProject
Project("{2150E333-8FDC-42A3-9474-1A3956D46DE8}") = "Mobile", "Mobile", "{819C42FE-6587-4798-B603-0B9CD94F831A}"
EndProject
Project("{FAE04EC0-301F-11D3-BF4B-00C04F79EFBC}") = "dip.DataAccess", "dip.DataAccess\dip.DataAccess.csproj", "{12357B1E-8D86-494D-9816-68D9DD4B3FCD}"
EndProject
Project("{9344BDBB-3E7F-41FC-A0DD-8665D75EE146}") = "dip.Mobile", "dip.Mobile\dip.Mobile.mdproj", "{1EB9C951-AC0F-4CA3-842F-4B140CB269CB}"
EndProject
Project("{9344BDBB-3E7F-41FC-A0DD-8665D75EE146}") = "dip.Db", "dip.Db\dip.Db.mdproj", "{DA3F7C4B-7193-4E51-A30D-8B876EFF9B90}"
EndProject
Project("{00D1A9C2-B5F0-4AF3-8072-F6C62B433612}") = "dip.Db.Schema", "dip.Db\dip.Db.Schema.sqlproj", "{7FCC3A29-6E85-479D-B666-6A573700AE88}"
EndProject
Global
	GlobalSection(SolutionConfigurationPlatforms) = preSolution
		Debug|Android = Debug|Android
		Debug|Any CPU = Debug|Any CPU
		Debug|iOS = Debug|iOS
		Debug|Windows-ARM = Debug|Windows-ARM
		Debug|Windows-x64 = Debug|Windows-x64
		Debug|Windows-x86 = Debug|Windows-x86
		Default|Android = Default|Android
		Default|Any CPU = Default|Any CPU
		Default|iOS = Default|iOS
		Default|Windows-ARM = Default|Windows-ARM
		Default|Windows-x64 = Default|Windows-x64
		Default|Windows-x86 = Default|Windows-x86
		Release|Android = Release|Android
		Release|Any CPU = Release|Any CPU
		Release|iOS = Release|iOS
		Release|Windows-ARM = Release|Windows-ARM
		Release|Windows-x64 = Release|Windows-x64
		Release|Windows-x86 = Release|Windows-x86
	EndGlobalSection
	GlobalSection(ProjectConfigurationPlatforms) = postSolution
		{383DB460-3BA4-4111-B6C4-95E886202FF8}.Debug|Android.ActiveCfg = Debug|Any CPU
		{383DB460-3BA4-4111-B6C4-95E886202FF8}.Debug|Android.Build.0 = Debug|Any CPU
		{383DB460-3BA4-4111-B6C4-95E886202FF8}.Debug|Any CPU.ActiveCfg = Debug|Any CPU
		{383DB460-3BA4-4111-B6C4-95E886202FF8}.Debug|Any CPU.Build.0 = Debug|Any CPU
		{383DB460-3BA4-4111-B6C4-95E886202FF8}.Debug|iOS.ActiveCfg = Debug|Any CPU
		{383DB460-3BA4-4111-B6C4-95E886202FF8}.Debug|iOS.Build.0 = Debug|Any CPU
		{383DB460-3BA4-4111-B6C4-95E886202FF8}.Debug|Windows-ARM.ActiveCfg = Debug|Any CPU
		{383DB460-3BA4-4111-B6C4-95E886202FF8}.Debug|Windows-ARM.Build.0 = Debug|Any CPU
		{383DB460-3BA4-4111-B6C4-95E886202FF8}.Debug|Windows-x64.ActiveCfg = Debug|Any CPU
		{383DB460-3BA4-4111-B6C4-95E886202FF8}.Debug|Windows-x64.Build.0 = Debug|Any CPU
		{383DB460-3BA4-4111-B6C4-95E886202FF8}.Debug|Windows-x86.ActiveCfg = Debug|Any CPU
		{383DB460-3BA4-4111-B6C4-95E886202FF8}.Debug|Windows-x86.Build.0 = Debug|Any CPU
		{383DB460-3BA4-4111-B6C4-95E886202FF8}.Default|Android.ActiveCfg = Debug|Any CPU
		{383DB460-3BA4-4111-B6C4-95E886202FF8}.Default|Android.Build.0 = Debug|Any CPU
		{383DB460-3BA4-4111-B6C4-95E886202FF8}.Default|Any CPU.ActiveCfg = Debug|Any CPU
		{383DB460-3BA4-4111-B6C4-95E886202FF8}.Default|Any CPU.Build.0 = Debug|Any CPU
		{383DB460-3BA4-4111-B6C4-95E886202FF8}.Default|iOS.ActiveCfg = Debug|Any CPU
		{383DB460-3BA4-4111-B6C4-95E886202FF8}.Default|iOS.Build.0 = Debug|Any CPU
		{383DB460-3BA4-4111-B6C4-95E886202FF8}.Default|Windows-ARM.ActiveCfg = Debug|Any CPU
		{383DB460-3BA4-4111-B6C4-95E886202FF8}.Default|Windows-ARM.Build.0 = Debug|Any CPU
		{383DB460-3BA4-4111-B6C4-95E886202FF8}.Default|Windows-x64.ActiveCfg = Debug|Any CPU
		{383DB460-3BA4-4111-B6C4-95E886202FF8}.Default|Windows-x64.Build.0 = Debug|Any CPU
		{383DB460-3BA4-4111-B6C4-95E886202FF8}.Default|Windows-x86.ActiveCfg = Debug|Any CPU
		{383DB460-3BA4-4111-B6C4-95E886202FF8}.Default|Windows-x86.Build.0 = Debug|Any CPU
		{383DB460-3BA4-4111-B6C4-95E886202FF8}.Release|Android.ActiveCfg = Release|Any CPU
		{383DB460-3BA4-4111-B6C4-95E886202FF8}.Release|Android.Build.0 = Release|Any CPU
		{383DB460-3BA4-4111-B6C4-95E886202FF8}.Release|Any CPU.ActiveCfg = Release|Any CPU
		{383DB460-3BA4-4111-B6C4-95E886202FF8}.Release|Any CPU.Build.0 = Release|Any CPU
		{383DB460-3BA4-4111-B6C4-95E886202FF8}.Release|iOS.ActiveCfg = Release|Any CPU
		{383DB460-3BA4-4111-B6C4-95E886202FF8}.Release|iOS.Build.0 = Release|Any CPU
		{383DB460-3BA4-4111-B6C4-95E886202FF8}.Release|Windows-ARM.ActiveCfg = Release|Any CPU
		{383DB460-3BA4-4111-B6C4-95E886202FF8}.Release|Windows-ARM.Build.0 = Release|Any CPU
		{383DB460-3BA4-4111-B6C4-95E886202FF8}.Release|Windows-x64.ActiveCfg = Release|Any CPU
		{383DB460-3BA4-4111-B6C4-95E886202FF8}.Release|Windows-x64.Build.0 = Release|Any CPU
		{383DB460-3BA4-4111-B6C4-95E886202FF8}.Release|Windows-x86.ActiveCfg = Release|Any CPU
		{383DB460-3BA4-4111-B6C4-95E886202FF8}.Release|Windows-x86.Build.0 = Release|Any CPU
		{12357B1E-8D86-494D-9816-68D9DD4B3FCD}.Debug|Android.ActiveCfg = Debug|Any CPU
		{12357B1E-8D86-494D-9816-68D9DD4B3FCD}.Debug|Android.Build.0 = Debug|Any CPU
		{12357B1E-8D86-494D-9816-68D9DD4B3FCD}.Debug|Any CPU.ActiveCfg = Debug|Any CPU
		{12357B1E-8D86-494D-9816-68D9DD4B3FCD}.Debug|Any CPU.Build.0 = Debug|Any CPU
		{12357B1E-8D86-494D-9816-68D9DD4B3FCD}.Debug|iOS.ActiveCfg = Debug|Any CPU
		{12357B1E-8D86-494D-9816-68D9DD4B3FCD}.Debug|iOS.Build.0 = Debug|Any CPU
		{12357B1E-8D86-494D-9816-68D9DD4B3FCD}.Debug|Windows-ARM.ActiveCfg = Debug|Any CPU
		{12357B1E-8D86-494D-9816-68D9DD4B3FCD}.Debug|Windows-ARM.Build.0 = Debug|Any CPU
		{12357B1E-8D86-494D-9816-68D9DD4B3FCD}.Debug|Windows-x64.ActiveCfg = Debug|Any CPU
		{12357B1E-8D86-494D-9816-68D9DD4B3FCD}.Debug|Windows-x64.Build.0 = Debug|Any CPU
		{12357B1E-8D86-494D-9816-68D9DD4B3FCD}.Debug|Windows-x86.ActiveCfg = Debug|Any CPU
		{12357B1E-8D86-494D-9816-68D9DD4B3FCD}.Debug|Windows-x86.Build.0 = Debug|Any CPU
		{12357B1E-8D86-494D-9816-68D9DD4B3FCD}.Default|Android.ActiveCfg = Debug|Any CPU
		{12357B1E-8D86-494D-9816-68D9DD4B3FCD}.Default|Android.Build.0 = Debug|Any CPU
		{12357B1E-8D86-494D-9816-68D9DD4B3FCD}.Default|Any CPU.ActiveCfg = Debug|Any CPU
		{12357B1E-8D86-494D-9816-68D9DD4B3FCD}.Default|Any CPU.Build.0 = Debug|Any CPU
		{12357B1E-8D86-494D-9816-68D9DD4B3FCD}.Default|iOS.ActiveCfg = Debug|Any CPU
		{12357B1E-8D86-494D-9816-68D9DD4B3FCD}.Default|iOS.Build.0 = Debug|Any CPU
		{12357B1E-8D86-494D-9816-68D9DD4B3FCD}.Default|Windows-ARM.ActiveCfg = Debug|Any CPU
		{12357B1E-8D86-494D-9816-68D9DD4B3FCD}.Default|Windows-ARM.Build.0 = Debug|Any CPU
		{12357B1E-8D86-494D-9816-68D9DD4B3FCD}.Default|Windows-x64.ActiveCfg = Debug|Any CPU
		{12357B1E-8D86-494D-9816-68D9DD4B3FCD}.Default|Windows-x64.Build.0 = Debug|Any CPU
		{12357B1E-8D86-494D-9816-68D9DD4B3FCD}.Default|Windows-x86.ActiveCfg = Debug|Any CPU
		{12357B1E-8D86-494D-9816-68D9DD4B3FCD}.Default|Windows-x86.Build.0 = Debug|Any CPU
		{12357B1E-8D86-494D-9816-68D9DD4B3FCD}.Release|Android.ActiveCfg = Release|Any CPU
		{12357B1E-8D86-494D-9816-68D9DD4B3FCD}.Release|Android.Build.0 = Release|Any CPU
		{12357B1E-8D86-494D-9816-68D9DD4B3FCD}.Release|Any CPU.ActiveCfg = Release|Any CPU
		{12357B1E-8D86-494D-9816-68D9DD4B3FCD}.Release|Any CPU.Build.0 = Release|Any CPU
		{12357B1E-8D86-494D-9816-68D9DD4B3FCD}.Release|iOS.ActiveCfg = Release|Any CPU
		{12357B1E-8D86-494D-9816-68D9DD4B3FCD}.Release|iOS.Build.0 = Release|Any CPU
		{12357B1E-8D86-494D-9816-68D9DD4B3FCD}.Release|Windows-ARM.ActiveCfg = Release|Any CPU
		{12357B1E-8D86-494D-9816-68D9DD4B3FCD}.Release|Windows-ARM.Build.0 = Release|Any CPU
		{12357B1E-8D86-494D-9816-68D9DD4B3FCD}.Release|Windows-x64.ActiveCfg = Release|Any CPU
		{12357B1E-8D86-494D-9816-68D9DD4B3FCD}.Release|Windows-x64.Build.0 = Release|Any CPU
		{12357B1E-8D86-494D-9816-68D9DD4B3FCD}.Release|Windows-x86.ActiveCfg = Release|Any CPU
		{12357B1E-8D86-494D-9816-68D9DD4B3FCD}.Release|Windows-x86.Build.0 = Release|Any CPU
		{1EB9C951-AC0F-4CA3-842F-4B140CB269CB}.Debug|Android.ActiveCfg = Default|Any CPU
		{1EB9C951-AC0F-4CA3-842F-4B140CB269CB}.Debug|Android.Build.0 = Default|Any CPU
		{1EB9C951-AC0F-4CA3-842F-4B140CB269CB}.Debug|Any CPU.ActiveCfg = Default|Any CPU
		{1EB9C951-AC0F-4CA3-842F-4B140CB269CB}.Debug|Any CPU.Build.0 = Default|Any CPU
		{1EB9C951-AC0F-4CA3-842F-4B140CB269CB}.Debug|iOS.ActiveCfg = Default|Any CPU
		{1EB9C951-AC0F-4CA3-842F-4B140CB269CB}.Debug|iOS.Build.0 = Default|Any CPU
		{1EB9C951-AC0F-4CA3-842F-4B140CB269CB}.Debug|Windows-ARM.ActiveCfg = Default|Any CPU
		{1EB9C951-AC0F-4CA3-842F-4B140CB269CB}.Debug|Windows-ARM.Build.0 = Default|Any CPU
		{1EB9C951-AC0F-4CA3-842F-4B140CB269CB}.Debug|Windows-x64.ActiveCfg = Default|Any CPU
		{1EB9C951-AC0F-4CA3-842F-4B140CB269CB}.Debug|Windows-x64.Build.0 = Default|Any CPU
		{1EB9C951-AC0F-4CA3-842F-4B140CB269CB}.Debug|Windows-x86.ActiveCfg = Default|Any CPU
		{1EB9C951-AC0F-4CA3-842F-4B140CB269CB}.Debug|Windows-x86.Build.0 = Default|Any CPU
		{1EB9C951-AC0F-4CA3-842F-4B140CB269CB}.Default|Android.ActiveCfg = Default|Any CPU
		{1EB9C951-AC0F-4CA3-842F-4B140CB269CB}.Default|Any CPU.ActiveCfg = Default|Any CPU
		{1EB9C951-AC0F-4CA3-842F-4B140CB269CB}.Default|Any CPU.Build.0 = Default|Any CPU
		{1EB9C951-AC0F-4CA3-842F-4B140CB269CB}.Default|iOS.ActiveCfg = Default|Any CPU
		{1EB9C951-AC0F-4CA3-842F-4B140CB269CB}.Default|Windows-ARM.ActiveCfg = Default|Any CPU
		{1EB9C951-AC0F-4CA3-842F-4B140CB269CB}.Default|Windows-x64.ActiveCfg = Default|Any CPU
		{1EB9C951-AC0F-4CA3-842F-4B140CB269CB}.Default|Windows-x86.ActiveCfg = Default|Any CPU
		{1EB9C951-AC0F-4CA3-842F-4B140CB269CB}.Release|Android.ActiveCfg = Default|Any CPU
		{1EB9C951-AC0F-4CA3-842F-4B140CB269CB}.Release|Android.Build.0 = Default|Any CPU
		{1EB9C951-AC0F-4CA3-842F-4B140CB269CB}.Release|Any CPU.ActiveCfg = Default|Any CPU
		{1EB9C951-AC0F-4CA3-842F-4B140CB269CB}.Release|Any CPU.Build.0 = Default|Any CPU
		{1EB9C951-AC0F-4CA3-842F-4B140CB269CB}.Release|iOS.ActiveCfg = Default|Any CPU
		{1EB9C951-AC0F-4CA3-842F-4B140CB269CB}.Release|iOS.Build.0 = Default|Any CPU
		{1EB9C951-AC0F-4CA3-842F-4B140CB269CB}.Release|Windows-ARM.ActiveCfg = Default|Any CPU
		{1EB9C951-AC0F-4CA3-842F-4B140CB269CB}.Release|Windows-ARM.Build.0 = Default|Any CPU
		{1EB9C951-AC0F-4CA3-842F-4B140CB269CB}.Release|Windows-x64.ActiveCfg = Default|Any CPU
		{1EB9C951-AC0F-4CA3-842F-4B140CB269CB}.Release|Windows-x64.Build.0 = Default|Any CPU
		{1EB9C951-AC0F-4CA3-842F-4B140CB269CB}.Release|Windows-x86.ActiveCfg = Default|Any CPU
		{1EB9C951-AC0F-4CA3-842F-4B140CB269CB}.Release|Windows-x86.Build.0 = Default|Any CPU
		{DA3F7C4B-7193-4E51-A30D-8B876EFF9B90}.Debug|Android.ActiveCfg = Default|Any CPU
		{DA3F7C4B-7193-4E51-A30D-8B876EFF9B90}.Debug|Android.Build.0 = Default|Any CPU
		{DA3F7C4B-7193-4E51-A30D-8B876EFF9B90}.Debug|Any CPU.ActiveCfg = Default|Any CPU
		{DA3F7C4B-7193-4E51-A30D-8B876EFF9B90}.Debug|Any CPU.Build.0 = Default|Any CPU
		{DA3F7C4B-7193-4E51-A30D-8B876EFF9B90}.Debug|iOS.ActiveCfg = Default|Any CPU
		{DA3F7C4B-7193-4E51-A30D-8B876EFF9B90}.Debug|iOS.Build.0 = Default|Any CPU
		{DA3F7C4B-7193-4E51-A30D-8B876EFF9B90}.Debug|Windows-ARM.ActiveCfg = Default|Any CPU
		{DA3F7C4B-7193-4E51-A30D-8B876EFF9B90}.Debug|Windows-ARM.Build.0 = Default|Any CPU
		{DA3F7C4B-7193-4E51-A30D-8B876EFF9B90}.Debug|Windows-x64.ActiveCfg = Default|Any CPU
		{DA3F7C4B-7193-4E51-A30D-8B876EFF9B90}.Debug|Windows-x64.Build.0 = Default|Any CPU
		{DA3F7C4B-7193-4E51-A30D-8B876EFF9B90}.Debug|Windows-x86.ActiveCfg = Default|Any CPU
		{DA3F7C4B-7193-4E51-A30D-8B876EFF9B90}.Debug|Windows-x86.Build.0 = Default|Any CPU
		{DA3F7C4B-7193-4E51-A30D-8B876EFF9B90}.Default|Android.ActiveCfg = Default|Any CPU
		{DA3F7C4B-7193-4E51-A30D-8B876EFF9B90}.Default|Any CPU.ActiveCfg = Default|Any CPU
		{DA3F7C4B-7193-4E51-A30D-8B876EFF9B90}.Default|Any CPU.Build.0 = Default|Any CPU
		{DA3F7C4B-7193-4E51-A30D-8B876EFF9B90}.Default|iOS.ActiveCfg = Default|Any CPU
		{DA3F7C4B-7193-4E51-A30D-8B876EFF9B90}.Default|Windows-ARM.ActiveCfg = Default|Any CPU
		{DA3F7C4B-7193-4E51-A30D-8B876EFF9B90}.Default|Windows-x64.ActiveCfg = Default|Any CPU
		{DA3F7C4B-7193-4E51-A30D-8B876EFF9B90}.Default|Windows-x86.ActiveCfg = Default|Any CPU
		{DA3F7C4B-7193-4E51-A30D-8B876EFF9B90}.Release|Android.ActiveCfg = Default|Any CPU
		{DA3F7C4B-7193-4E51-A30D-8B876EFF9B90}.Release|Android.Build.0 = Default|Any CPU
		{DA3F7C4B-7193-4E51-A30D-8B876EFF9B90}.Release|Any CPU.ActiveCfg = Default|Any CPU
		{DA3F7C4B-7193-4E51-A30D-8B876EFF9B90}.Release|Any CPU.Build.0 = Default|Any CPU
		{DA3F7C4B-7193-4E51-A30D-8B876EFF9B90}.Release|iOS.ActiveCfg = Default|Any CPU
		{DA3F7C4B-7193-4E51-A30D-8B876EFF9B90}.Release|iOS.Build.0 = Default|Any CPU
		{DA3F7C4B-7193-4E51-A30D-8B876EFF9B90}.Release|Windows-ARM.ActiveCfg = Default|Any CPU
		{DA3F7C4B-7193-4E51-A30D-8B876EFF9B90}.Release|Windows-ARM.Build.0 = Default|Any CPU
		{DA3F7C4B-7193-4E51-A30D-8B876EFF9B90}.Release|Windows-x64.ActiveCfg = Default|Any CPU
		{DA3F7C4B-7193-4E51-A30D-8B876EFF9B90}.Release|Windows-x64.Build.0 = Default|Any CPU
		{DA3F7C4B-7193-4E51-A30D-8B876EFF9B90}.Release|Windows-x86.ActiveCfg = Default|Any CPU
		{DA3F7C4B-7193-4E51-A30D-8B876EFF9B90}.Release|Windows-x86.Build.0 = Default|Any CPU
		{7FCC3A29-6E85-479D-B666-6A573700AE88}.Debug|Android.ActiveCfg = Debug|Any CPU
		{7FCC3A29-6E85-479D-B666-6A573700AE88}.Debug|Android.Build.0 = Debug|Any CPU
		{7FCC3A29-6E85-479D-B666-6A573700AE88}.Debug|Android.Deploy.0 = Debug|Any CPU
		{7FCC3A29-6E85-479D-B666-6A573700AE88}.Debug|Any CPU.ActiveCfg = Debug|Any CPU
		{7FCC3A29-6E85-479D-B666-6A573700AE88}.Debug|Any CPU.Build.0 = Debug|Any CPU
		{7FCC3A29-6E85-479D-B666-6A573700AE88}.Debug|Any CPU.Deploy.0 = Debug|Any CPU
		{7FCC3A29-6E85-479D-B666-6A573700AE88}.Debug|iOS.ActiveCfg = Debug|Any CPU
		{7FCC3A29-6E85-479D-B666-6A573700AE88}.Debug|iOS.Build.0 = Debug|Any CPU
		{7FCC3A29-6E85-479D-B666-6A573700AE88}.Debug|iOS.Deploy.0 = Debug|Any CPU
		{7FCC3A29-6E85-479D-B666-6A573700AE88}.Debug|Windows-ARM.ActiveCfg = Debug|Any CPU
		{7FCC3A29-6E85-479D-B666-6A573700AE88}.Debug|Windows-ARM.Build.0 = Debug|Any CPU
		{7FCC3A29-6E85-479D-B666-6A573700AE88}.Debug|Windows-ARM.Deploy.0 = Debug|Any CPU
		{7FCC3A29-6E85-479D-B666-6A573700AE88}.Debug|Windows-x64.ActiveCfg = Debug|Any CPU
		{7FCC3A29-6E85-479D-B666-6A573700AE88}.Debug|Windows-x64.Build.0 = Debug|Any CPU
		{7FCC3A29-6E85-479D-B666-6A573700AE88}.Debug|Windows-x64.Deploy.0 = Debug|Any CPU
		{7FCC3A29-6E85-479D-B666-6A573700AE88}.Debug|Windows-x86.ActiveCfg = Debug|Any CPU
		{7FCC3A29-6E85-479D-B666-6A573700AE88}.Debug|Windows-x86.Build.0 = Debug|Any CPU
		{7FCC3A29-6E85-479D-B666-6A573700AE88}.Debug|Windows-x86.Deploy.0 = Debug|Any CPU
		{7FCC3A29-6E85-479D-B666-6A573700AE88}.Default|Android.ActiveCfg = Debug|Any CPU
		{7FCC3A29-6E85-479D-B666-6A573700AE88}.Default|Android.Build.0 = Debug|Any CPU
		{7FCC3A29-6E85-479D-B666-6A573700AE88}.Default|Android.Deploy.0 = Debug|Any CPU
		{7FCC3A29-6E85-479D-B666-6A573700AE88}.Default|Any CPU.ActiveCfg = Debug|Any CPU
		{7FCC3A29-6E85-479D-B666-6A573700AE88}.Default|Any CPU.Build.0 = Debug|Any CPU
		{7FCC3A29-6E85-479D-B666-6A573700AE88}.Default|Any CPU.Deploy.0 = Debug|Any CPU
		{7FCC3A29-6E85-479D-B666-6A573700AE88}.Default|iOS.ActiveCfg = Debug|Any CPU
		{7FCC3A29-6E85-479D-B666-6A573700AE88}.Default|iOS.Build.0 = Debug|Any CPU
		{7FCC3A29-6E85-479D-B666-6A573700AE88}.Default|iOS.Deploy.0 = Debug|Any CPU
		{7FCC3A29-6E85-479D-B666-6A573700AE88}.Default|Windows-ARM.ActiveCfg = Debug|Any CPU
		{7FCC3A29-6E85-479D-B666-6A573700AE88}.Default|Windows-ARM.Build.0 = Debug|Any CPU
		{7FCC3A29-6E85-479D-B666-6A573700AE88}.Default|Windows-ARM.Deploy.0 = Debug|Any CPU
		{7FCC3A29-6E85-479D-B666-6A573700AE88}.Default|Windows-x64.ActiveCfg = Debug|Any CPU
		{7FCC3A29-6E85-479D-B666-6A573700AE88}.Default|Windows-x64.Build.0 = Debug|Any CPU
		{7FCC3A29-6E85-479D-B666-6A573700AE88}.Default|Windows-x64.Deploy.0 = Debug|Any CPU
		{7FCC3A29-6E85-479D-B666-6A573700AE88}.Default|Windows-x86.ActiveCfg = Debug|Any CPU
		{7FCC3A29-6E85-479D-B666-6A573700AE88}.Default|Windows-x86.Build.0 = Debug|Any CPU
		{7FCC3A29-6E85-479D-B666-6A573700AE88}.Default|Windows-x86.Deploy.0 = Debug|Any CPU
		{7FCC3A29-6E85-479D-B666-6A573700AE88}.Release|Android.ActiveCfg = Release|Any CPU
		{7FCC3A29-6E85-479D-B666-6A573700AE88}.Release|Android.Build.0 = Release|Any CPU
		{7FCC3A29-6E85-479D-B666-6A573700AE88}.Release|Android.Deploy.0 = Release|Any CPU
		{7FCC3A29-6E85-479D-B666-6A573700AE88}.Release|Any CPU.ActiveCfg = Release|Any CPU
		{7FCC3A29-6E85-479D-B666-6A573700AE88}.Release|Any CPU.Build.0 = Release|Any CPU
		{7FCC3A29-6E85-479D-B666-6A573700AE88}.Release|Any CPU.Deploy.0 = Release|Any CPU
		{7FCC3A29-6E85-479D-B666-6A573700AE88}.Release|iOS.ActiveCfg = Release|Any CPU
		{7FCC3A29-6E85-479D-B666-6A573700AE88}.Release|iOS.Build.0 = Release|Any CPU
		{7FCC3A29-6E85-479D-B666-6A573700AE88}.Release|iOS.Deploy.0 = Release|Any CPU
		{7FCC3A29-6E85-479D-B666-6A573700AE88}.Release|Windows-ARM.ActiveCfg = Release|Any CPU
		{7FCC3A29-6E85-479D-B666-6A573700AE88}.Release|Windows-ARM.Build.0 = Release|Any CPU
		{7FCC3A29-6E85-479D-B666-6A573700AE88}.Release|Windows-ARM.Deploy.0 = Release|Any CPU
		{7FCC3A29-6E85-479D-B666-6A573700AE88}.Release|Windows-x64.ActiveCfg = Release|Any CPU
		{7FCC3A29-6E85-479D-B666-6A573700AE88}.Release|Windows-x64.Build.0 = Release|Any CPU
		{7FCC3A29-6E85-479D-B666-6A573700AE88}.Release|Windows-x64.Deploy.0 = Release|Any CPU
		{7FCC3A29-6E85-479D-B666-6A573700AE88}.Release|Windows-x86.ActiveCfg = Release|Any CPU
		{7FCC3A29-6E85-479D-B666-6A573700AE88}.Release|Windows-x86.Build.0 = Release|Any CPU
		{7FCC3A29-6E85-479D-B666-6A573700AE88}.Release|Windows-x86.Deploy.0 = Release|Any CPU
	EndGlobalSection
	GlobalSection(SolutionProperties) = preSolution
		HideSolutionNode = FALSE
	EndGlobalSection
	GlobalSection(NestedProjects) = preSolution
		{383DB460-3BA4-4111-B6C4-95E886202FF8} = {417428EB-6D16-4762-94C9-DB0C3718E02E}
		{12357B1E-8D86-494D-9816-68D9DD4B3FCD} = {F77B3DFA-951C-4C31-A2A3-E961971E5689}
		{1EB9C951-AC0F-4CA3-842F-4B140CB269CB} = {819C42FE-6587-4798-B603-0B9CD94F831A}
		{DA3F7C4B-7193-4E51-A30D-8B876EFF9B90} = {F77B3DFA-951C-4C31-A2A3-E961971E5689}
		{7FCC3A29-6E85-479D-B666-6A573700AE88} = {F77B3DFA-951C-4C31-A2A3-E961971E5689}
	EndGlobalSection
	GlobalSection(ExtensibilityGlobals) = postSolution
		SolutionGuid = {9D8456B4-2AF9-4C85-A9E4-54493768AF59}
	EndGlobalSection
EndGlobal
